// !$*UTF8*$!
{
	archiveVersion = 1;
	classes = {
	};
	objectVersion = 48;
	objects = {

/* Begin PBXBuildFile section */
		2E282CF12048B38C00B02489 /* Database.swift in Sources */ = {isa = PBXBuildFile; fileRef = 2E282CF02048B38C00B02489 /* Database.swift */; };
		2E5C6C6F2045ED7100711890 /* AppDelegate.swift in Sources */ = {isa = PBXBuildFile; fileRef = 2E5C6C6E2045ED7100711890 /* AppDelegate.swift */; };
		2E5C6C742045ED7100711890 /* Main.storyboard in Resources */ = {isa = PBXBuildFile; fileRef = 2E5C6C722045ED7100711890 /* Main.storyboard */; };
		2E5C6C762045ED7100711890 /* Assets.xcassets in Resources */ = {isa = PBXBuildFile; fileRef = 2E5C6C752045ED7100711890 /* Assets.xcassets */; };
		2E5C6C792045ED7100711890 /* LaunchScreen.storyboard in Resources */ = {isa = PBXBuildFile; fileRef = 2E5C6C772045ED7100711890 /* LaunchScreen.storyboard */; };
		2E5C6C842045EDBC00711890 /* PrinterVC.swift in Sources */ = {isa = PBXBuildFile; fileRef = 2E5C6C832045EDBC00711890 /* PrinterVC.swift */; };
		2E5C6C862045EDD100711890 /* TonerVC.swift in Sources */ = {isa = PBXBuildFile; fileRef = 2E5C6C852045EDD000711890 /* TonerVC.swift */; };
		2E5C6C882045EDE000711890 /* VendorVC.swift in Sources */ = {isa = PBXBuildFile; fileRef = 2E5C6C872045EDE000711890 /* VendorVC.swift */; };
		2E5C6C8A2045EE0E00711890 /* Printer.swift in Sources */ = {isa = PBXBuildFile; fileRef = 2E5C6C892045EE0E00711890 /* Printer.swift */; };
		2E5C6C8C2045EE2000711890 /* Toner.swift in Sources */ = {isa = PBXBuildFile; fileRef = 2E5C6C8B2045EE2000711890 /* Toner.swift */; };
		2E5C6C8E2045EE3200711890 /* Vendor.swift in Sources */ = {isa = PBXBuildFile; fileRef = 2E5C6C8D2045EE3200711890 /* Vendor.swift */; };
		2E5C6C902045EE3200711890 /* PrinterTableCell.swift in Sources */ = {isa = PBXBuildFile; fileRef = 2E5C6C8F2045EE3200711890 /* PrinterTableCell.swift */; };
		2E5C6C922045EE3200711890 /* TonerTableCell.swift in Sources */ = {isa = PBXBuildFile; fileRef = 2E5C6C912045EE3200711890 /* TonerTableCell.swift */; };
		2E5C6C942045EE3200711890 /* VendorTableCell.swift in Sources */ = {isa = PBXBuildFile; fileRef = 2E5C6C932045EE3200711890 /* VendorTableCell.swift */; };
		2E5C6C962045EE3200711890 /* PrinterAddVC.swift in Sources */ = {isa = PBXBuildFile; fileRef = 2E5C6C952045EE3200711890 /* PrinterAddVC.swift */; };
		2E5C6C982045EE3200711890 /* PrinterDetailVC.swift in Sources */ = {isa = PBXBuildFile; fileRef = 2E5C6C972045EE3200711890 /* PrinterDetailVC.swift */; };
		2E5C6C9A2045EE3200711890 /* PrinterUpdateVC.swift in Sources */ = {isa = PBXBuildFile; fileRef = 2E5C6C992045EE3200711890 /* PrinterUpdateVC.swift */; };
		2E5C6C9C2045EE3200711890 /* TonerAddVC.swift in Sources */ = {isa = PBXBuildFile; fileRef = 2E5C6C9B2045EE3200711890 /* TonerAddVC.swift */; };
		2E5C6C9E2045EE3200711890 /* TonerDetailVC.swift in Sources */ = {isa = PBXBuildFile; fileRef = 2E5C6C9D2045EE3200711890 /* TonerDetailVC.swift */; };
		2E5C6CA02045EE3200711890 /* TonerUpdateVC.swift in Sources */ = {isa = PBXBuildFile; fileRef = 2E5C6C9F2045EE3200711890 /* TonerUpdateVC.swift */; };
		2E5C6CA22045EE3200711890 /* VendorAddVC.swift in Sources */ = {isa = PBXBuildFile; fileRef = 2E5C6CA12045EE3200711890 /* VendorAddVC.swift */; };
		2E5C6CA42045EE3200711890 /* VendorDetailVC.swift in Sources */ = {isa = PBXBuildFile; fileRef = 2E5C6CA32045EE3200711890 /* VendorDetailVC.swift */; };
		2E5C6CA62045EE3200711890 /* VendorUpdateVC.swift in Sources */ = {isa = PBXBuildFile; fileRef = 2E5C6CA52045EE3200711890 /* VendorUpdateVC.swift */; };
		2E6C8EE92049536400E1BEC6 /* SQLite.framework in Frameworks */ = {isa = PBXBuildFile; fileRef = 2E282CDD2048B34000B02489 /* SQLite.framework */; };
		2E6C8EEA2049536400E1BEC6 /* SQLite.framework in Embed Frameworks */ = {isa = PBXBuildFile; fileRef = 2E282CDD2048B34000B02489 /* SQLite.framework */; settings = {ATTRIBUTES = (CodeSignOnCopy, RemoveHeadersOnCopy, ); }; };
/* End PBXBuildFile section */

/* Begin PBXContainerItemProxy section */
		2E282CDC2048B34000B02489 /* PBXContainerItemProxy */ = {
			isa = PBXContainerItemProxy;
			containerPortal = 2E282CD22048B34000B02489 /* SQLite.xcodeproj */;
			proxyType = 2;
			remoteGlobalIDString = EE247AD31C3F04ED00AE3E12;
			remoteInfo = "SQLite iOS";
		};
		2E282CDE2048B34000B02489 /* PBXContainerItemProxy */ = {
			isa = PBXContainerItemProxy;
			containerPortal = 2E282CD22048B34000B02489 /* SQLite.xcodeproj */;
			proxyType = 2;
			remoteGlobalIDString = EE247ADD1C3F04ED00AE3E12;
			remoteInfo = "SQLiteTests iOS";
		};
		2E282CE02048B34000B02489 /* PBXContainerItemProxy */ = {
			isa = PBXContainerItemProxy;
			containerPortal = 2E282CD22048B34000B02489 /* SQLite.xcodeproj */;
			proxyType = 2;
			remoteGlobalIDString = EE247B3C1C3F3ED000AE3E12;
			remoteInfo = "SQLite Mac";
		};
		2E282CE22048B34000B02489 /* PBXContainerItemProxy */ = {
			isa = PBXContainerItemProxy;
			containerPortal = 2E282CD22048B34000B02489 /* SQLite.xcodeproj */;
			proxyType = 2;
			remoteGlobalIDString = EE247B451C3F3ED000AE3E12;
			remoteInfo = "SQLiteTests Mac";
		};
		2E282CE42048B34000B02489 /* PBXContainerItemProxy */ = {
			isa = PBXContainerItemProxy;
			containerPortal = 2E282CD22048B34000B02489 /* SQLite.xcodeproj */;
			proxyType = 2;
			remoteGlobalIDString = 03A65E5A1C6BB0F50062603F;
			remoteInfo = "SQLite tvOS";
		};
		2E282CE62048B34000B02489 /* PBXContainerItemProxy */ = {
			isa = PBXContainerItemProxy;
			containerPortal = 2E282CD22048B34000B02489 /* SQLite.xcodeproj */;
			proxyType = 2;
			remoteGlobalIDString = 03A65E631C6BB0F60062603F;
			remoteInfo = "SQLiteTests tvOS";
		};
		2E282CE82048B34000B02489 /* PBXContainerItemProxy */ = {
			isa = PBXContainerItemProxy;
			containerPortal = 2E282CD22048B34000B02489 /* SQLite.xcodeproj */;
			proxyType = 2;
			remoteGlobalIDString = A121AC451CA35C79005A31D1;
			remoteInfo = "SQLite watchOS";
		};
		2E6C8EEB2049536400E1BEC6 /* PBXContainerItemProxy */ = {
			isa = PBXContainerItemProxy;
			containerPortal = 2E282CD22048B34000B02489 /* SQLite.xcodeproj */;
			proxyType = 1;
			remoteGlobalIDString = EE247AD21C3F04ED00AE3E12;
			remoteInfo = "SQLite iOS";
		};
/* End PBXContainerItemProxy section */

/* Begin PBXCopyFilesBuildPhase section */
		2E6C8EED2049536400E1BEC6 /* Embed Frameworks */ = {
			isa = PBXCopyFilesBuildPhase;
			buildActionMask = 2147483647;
			dstPath = "";
			dstSubfolderSpec = 10;
			files = (
				2E6C8EEA2049536400E1BEC6 /* SQLite.framework in Embed Frameworks */,
			);
			name = "Embed Frameworks";
			runOnlyForDeploymentPostprocessing = 0;
		};
/* End PBXCopyFilesBuildPhase section */

/* Begin PBXFileReference section */
		2E282CD22048B34000B02489 /* SQLite.xcodeproj */ = {isa = PBXFileReference; lastKnownFileType = "wrapper.pb-project"; name = SQLite.xcodeproj; path = "../SQLite.swift-master/SQLite.xcodeproj"; sourceTree = "<group>"; };
		2E282CF02048B38C00B02489 /* Database.swift */ = {isa = PBXFileReference; lastKnownFileType = sourcecode.swift; path = Database.swift; sourceTree = "<group>"; };
		2E5C6C6B2045ED7100711890 /* Prinventory-Swift.app */ = {isa = PBXFileReference; explicitFileType = wrapper.application; includeInIndex = 0; path = "Prinventory-Swift.app"; sourceTree = BUILT_PRODUCTS_DIR; };
		2E5C6C6E2045ED7100711890 /* AppDelegate.swift */ = {isa = PBXFileReference; lastKnownFileType = sourcecode.swift; path = AppDelegate.swift; sourceTree = "<group>"; };
		2E5C6C732045ED7100711890 /* Base */ = {isa = PBXFileReference; lastKnownFileType = file.storyboard; name = Base; path = Base.lproj/Main.storyboard; sourceTree = "<group>"; };
		2E5C6C752045ED7100711890 /* Assets.xcassets */ = {isa = PBXFileReference; lastKnownFileType = folder.assetcatalog; path = Assets.xcassets; sourceTree = "<group>"; };
		2E5C6C782045ED7100711890 /* Base */ = {isa = PBXFileReference; lastKnownFileType = file.storyboard; name = Base; path = Base.lproj/LaunchScreen.storyboard; sourceTree = "<group>"; };
		2E5C6C7A2045ED7100711890 /* Info.plist */ = {isa = PBXFileReference; lastKnownFileType = text.plist.xml; path = Info.plist; sourceTree = "<group>"; };
		2E5C6C832045EDBC00711890 /* PrinterVC.swift */ = {isa = PBXFileReference; lastKnownFileType = sourcecode.swift; path = PrinterVC.swift; sourceTree = "<group>"; };
		2E5C6C852045EDD000711890 /* TonerVC.swift */ = {isa = PBXFileReference; lastKnownFileType = sourcecode.swift; path = TonerVC.swift; sourceTree = "<group>"; };
		2E5C6C872045EDE000711890 /* VendorVC.swift */ = {isa = PBXFileReference; lastKnownFileType = sourcecode.swift; path = VendorVC.swift; sourceTree = "<group>"; };
		2E5C6C892045EE0E00711890 /* Printer.swift */ = {isa = PBXFileReference; lastKnownFileType = sourcecode.swift; path = Printer.swift; sourceTree = "<group>"; };
		2E5C6C8B2045EE2000711890 /* Toner.swift */ = {isa = PBXFileReference; lastKnownFileType = sourcecode.swift; path = Toner.swift; sourceTree = "<group>"; };
		2E5C6C8D2045EE3200711890 /* Vendor.swift */ = {isa = PBXFileReference; lastKnownFileType = sourcecode.swift; path = Vendor.swift; sourceTree = "<group>"; };
		2E5C6C8F2045EE3200711890 /* PrinterTableCell.swift */ = {isa = PBXFileReference; lastKnownFileType = sourcecode.swift; path = PrinterTableCell.swift; sourceTree = "<group>"; };
		2E5C6C912045EE3200711890 /* TonerTableCell.swift */ = {isa = PBXFileReference; lastKnownFileType = sourcecode.swift; path = TonerTableCell.swift; sourceTree = "<group>"; };
		2E5C6C932045EE3200711890 /* VendorTableCell.swift */ = {isa = PBXFileReference; lastKnownFileType = sourcecode.swift; path = VendorTableCell.swift; sourceTree = "<group>"; };
		2E5C6C952045EE3200711890 /* PrinterAddVC.swift */ = {isa = PBXFileReference; lastKnownFileType = sourcecode.swift; path = PrinterAddVC.swift; sourceTree = "<group>"; };
		2E5C6C972045EE3200711890 /* PrinterDetailVC.swift */ = {isa = PBXFileReference; lastKnownFileType = sourcecode.swift; path = PrinterDetailVC.swift; sourceTree = "<group>"; };
		2E5C6C992045EE3200711890 /* PrinterUpdateVC.swift */ = {isa = PBXFileReference; lastKnownFileType = sourcecode.swift; path = PrinterUpdateVC.swift; sourceTree = "<group>"; };
		2E5C6C9B2045EE3200711890 /* TonerAddVC.swift */ = {isa = PBXFileReference; lastKnownFileType = sourcecode.swift; path = TonerAddVC.swift; sourceTree = "<group>"; };
		2E5C6C9D2045EE3200711890 /* TonerDetailVC.swift */ = {isa = PBXFileReference; lastKnownFileType = sourcecode.swift; path = TonerDetailVC.swift; sourceTree = "<group>"; };
		2E5C6C9F2045EE3200711890 /* TonerUpdateVC.swift */ = {isa = PBXFileReference; lastKnownFileType = sourcecode.swift; path = TonerUpdateVC.swift; sourceTree = "<group>"; };
		2E5C6CA12045EE3200711890 /* VendorAddVC.swift */ = {isa = PBXFileReference; lastKnownFileType = sourcecode.swift; path = VendorAddVC.swift; sourceTree = "<group>"; };
		2E5C6CA32045EE3200711890 /* VendorDetailVC.swift */ = {isa = PBXFileReference; lastKnownFileType = sourcecode.swift; path = VendorDetailVC.swift; sourceTree = "<group>"; };
		2E5C6CA52045EE3200711890 /* VendorUpdateVC.swift */ = {isa = PBXFileReference; lastKnownFileType = sourcecode.swift; path = VendorUpdateVC.swift; sourceTree = "<group>"; };
/* End PBXFileReference section */

/* Begin PBXFrameworksBuildPhase section */
		2E5C6C682045ED7100711890 /* Frameworks */ = {
			isa = PBXFrameworksBuildPhase;
			buildActionMask = 2147483647;
			files = (
				2E6C8EE92049536400E1BEC6 /* SQLite.framework in Frameworks */,
			);
			runOnlyForDeploymentPostprocessing = 0;
		};
/* End PBXFrameworksBuildPhase section */

/* Begin PBXGroup section */
		2E282CD32048B34000B02489 /* Products */ = {
			isa = PBXGroup;
			children = (
				2E282CDD2048B34000B02489 /* SQLite.framework */,
				2E282CDF2048B34000B02489 /* SQLiteTests iOS.xctest */,
				2E282CE12048B34000B02489 /* SQLite.framework */,
				2E282CE32048B34000B02489 /* SQLiteTests Mac.xctest */,
				2E282CE52048B34000B02489 /* SQLite.framework */,
				2E282CE72048B34000B02489 /* SQLiteTests tvOS.xctest */,
				2E282CE92048B34000B02489 /* SQLite.framework */,
			);
			name = Products;
			sourceTree = "<group>";
		};
		2E282CEF2048B37200B02489 /* database */ = {
			isa = PBXGroup;
			children = (
				2E282CF02048B38C00B02489 /* Database.swift */,
			);
			path = database;
			sourceTree = "<group>";
		};
		2E282CF32048B43B00B02489 /* Frameworks */ = {
			isa = PBXGroup;
			children = (
			);
			name = Frameworks;
			sourceTree = "<group>";
		};
		2E5C6C622045ED7000711890 = {
			isa = PBXGroup;
			children = (
				2E282CD22048B34000B02489 /* SQLite.xcodeproj */,
				2E5C6C6D2045ED7100711890 /* Prinventory-Swift */,
				2E5C6C6C2045ED7100711890 /* Products */,
				2E282CF32048B43B00B02489 /* Frameworks */,
			);
			sourceTree = "<group>";
		};
		2E5C6C6C2045ED7100711890 /* Products */ = {
			isa = PBXGroup;
			children = (
				2E5C6C6B2045ED7100711890 /* Prinventory-Swift.app */,
			);
			name = Products;
			sourceTree = "<group>";
		};
		2E5C6C6D2045ED7100711890 /* Prinventory-Swift */ = {
			isa = PBXGroup;
			children = (
				2E282CEF2048B37200B02489 /* database */,
				2E5C6C822045ED9000711890 /* views */,
				2E5C6C812045ED8700711890 /* models */,
				2E5C6C802045ED7900711890 /* controllers */,
				2E5C6C6E2045ED7100711890 /* AppDelegate.swift */,
				2E5C6C722045ED7100711890 /* Main.storyboard */,
				2E5C6C752045ED7100711890 /* Assets.xcassets */,
				2E5C6C772045ED7100711890 /* LaunchScreen.storyboard */,
				2E5C6C7A2045ED7100711890 /* Info.plist */,
			);
			path = "Prinventory-Swift";
			sourceTree = "<group>";
		};
		2E5C6C802045ED7900711890 /* controllers */ = {
			isa = PBXGroup;
			children = (
				2E5C6C832045EDBC00711890 /* PrinterVC.swift */,
				2E5C6C852045EDD000711890 /* TonerVC.swift */,
				2E5C6C872045EDE000711890 /* VendorVC.swift */,
				2E5C6C952045EE3200711890 /* PrinterAddVC.swift */,
				2E5C6C972045EE3200711890 /* PrinterDetailVC.swift */,
				2E5C6C992045EE3200711890 /* PrinterUpdateVC.swift */,
				2E5C6C9B2045EE3200711890 /* TonerAddVC.swift */,
				2E5C6C9D2045EE3200711890 /* TonerDetailVC.swift */,
				2E5C6C9F2045EE3200711890 /* TonerUpdateVC.swift */,
				2E5C6CA12045EE3200711890 /* VendorAddVC.swift */,
				2E5C6CA32045EE3200711890 /* VendorDetailVC.swift */,
				2E5C6CA52045EE3200711890 /* VendorUpdateVC.swift */,
			);
			path = controllers;
			sourceTree = "<group>";
		};
		2E5C6C812045ED8700711890 /* models */ = {
			isa = PBXGroup;
			children = (
				2E5C6C892045EE0E00711890 /* Printer.swift */,
				2E5C6C8B2045EE2000711890 /* Toner.swift */,
				2E5C6C8D2045EE3200711890 /* Vendor.swift */,
			);
			path = models;
			sourceTree = "<group>";
		};
		2E5C6C822045ED9000711890 /* views */ = {
			isa = PBXGroup;
			children = (
				2E5C6C8F2045EE3200711890 /* PrinterTableCell.swift */,
				2E5C6C912045EE3200711890 /* TonerTableCell.swift */,
				2E5C6C932045EE3200711890 /* VendorTableCell.swift */,
			);
			path = views;
			sourceTree = "<group>";
		};
/* End PBXGroup section */

/* Begin PBXNativeTarget section */
		2E5C6C6A2045ED7100711890 /* Prinventory-Swift */ = {
			isa = PBXNativeTarget;
			buildConfigurationList = 2E5C6C7D2045ED7100711890 /* Build configuration list for PBXNativeTarget "Prinventory-Swift" */;
			buildPhases = (
				2E5C6C672045ED7100711890 /* Sources */,
				2E5C6C682045ED7100711890 /* Frameworks */,
				2E5C6C692045ED7100711890 /* Resources */,
				2E6C8EED2049536400E1BEC6 /* Embed Frameworks */,
			);
			buildRules = (
			);
			dependencies = (
				2E6C8EEC2049536400E1BEC6 /* PBXTargetDependency */,
			);
			name = "Prinventory-Swift";
			productName = "Prinventory-Swift";
			productReference = 2E5C6C6B2045ED7100711890 /* Prinventory-Swift.app */;
			productType = "com.apple.product-type.application";
		};
/* End PBXNativeTarget section */

/* Begin PBXProject section */
		2E5C6C632045ED7000711890 /* Project object */ = {
			isa = PBXProject;
			attributes = {
				LastSwiftUpdateCheck = 0920;
				LastUpgradeCheck = 0920;
				ORGANIZATIONNAME = "Jovel Madrid";
				TargetAttributes = {
					2E5C6C6A2045ED7100711890 = {
						CreatedOnToolsVersion = 9.2;
						ProvisioningStyle = Automatic;
					};
				};
			};
			buildConfigurationList = 2E5C6C662045ED7000711890 /* Build configuration list for PBXProject "Prinventory-Swift" */;
			compatibilityVersion = "Xcode 8.0";
			developmentRegion = en;
			hasScannedForEncodings = 0;
			knownRegions = (
				en,
				Base,
			);
			mainGroup = 2E5C6C622045ED7000711890;
			productRefGroup = 2E5C6C6C2045ED7100711890 /* Products */;
			projectDirPath = "";
			projectReferences = (
				{
					ProductGroup = 2E282CD32048B34000B02489 /* Products */;
					ProjectRef = 2E282CD22048B34000B02489 /* SQLite.xcodeproj */;
				},
			);
			projectRoot = "";
			targets = (
				2E5C6C6A2045ED7100711890 /* Prinventory-Swift */,
			);
		};
/* End PBXProject section */

/* Begin PBXReferenceProxy section */
		2E282CDD2048B34000B02489 /* SQLite.framework */ = {
			isa = PBXReferenceProxy;
			fileType = wrapper.framework;
			path = SQLite.framework;
			remoteRef = 2E282CDC2048B34000B02489 /* PBXContainerItemProxy */;
			sourceTree = BUILT_PRODUCTS_DIR;
		};
		2E282CDF2048B34000B02489 /* SQLiteTests iOS.xctest */ = {
			isa = PBXReferenceProxy;
			fileType = wrapper.cfbundle;
			path = "SQLiteTests iOS.xctest";
			remoteRef = 2E282CDE2048B34000B02489 /* PBXContainerItemProxy */;
			sourceTree = BUILT_PRODUCTS_DIR;
		};
		2E282CE12048B34000B02489 /* SQLite.framework */ = {
			isa = PBXReferenceProxy;
			fileType = wrapper.framework;
			path = SQLite.framework;
			remoteRef = 2E282CE02048B34000B02489 /* PBXContainerItemProxy */;
			sourceTree = BUILT_PRODUCTS_DIR;
		};
		2E282CE32048B34000B02489 /* SQLiteTests Mac.xctest */ = {
			isa = PBXReferenceProxy;
			fileType = wrapper.cfbundle;
			path = "SQLiteTests Mac.xctest";
			remoteRef = 2E282CE22048B34000B02489 /* PBXContainerItemProxy */;
			sourceTree = BUILT_PRODUCTS_DIR;
		};
		2E282CE52048B34000B02489 /* SQLite.framework */ = {
			isa = PBXReferenceProxy;
			fileType = wrapper.framework;
			path = SQLite.framework;
			remoteRef = 2E282CE42048B34000B02489 /* PBXContainerItemProxy */;
			sourceTree = BUILT_PRODUCTS_DIR;
		};
		2E282CE72048B34000B02489 /* SQLiteTests tvOS.xctest */ = {
			isa = PBXReferenceProxy;
			fileType = wrapper.cfbundle;
			path = "SQLiteTests tvOS.xctest";
			remoteRef = 2E282CE62048B34000B02489 /* PBXContainerItemProxy */;
			sourceTree = BUILT_PRODUCTS_DIR;
		};
		2E282CE92048B34000B02489 /* SQLite.framework */ = {
			isa = PBXReferenceProxy;
			fileType = wrapper.framework;
			path = SQLite.framework;
			remoteRef = 2E282CE82048B34000B02489 /* PBXContainerItemProxy */;
			sourceTree = BUILT_PRODUCTS_DIR;
		};
/* End PBXReferenceProxy section */

/* Begin PBXResourcesBuildPhase section */
		2E5C6C692045ED7100711890 /* Resources */ = {
			isa = PBXResourcesBuildPhase;
			buildActionMask = 2147483647;
			files = (
				2E5C6C792045ED7100711890 /* LaunchScreen.storyboard in Resources */,
				2E5C6C762045ED7100711890 /* Assets.xcassets in Resources */,
				2E5C6C742045ED7100711890 /* Main.storyboard in Resources */,
			);
			runOnlyForDeploymentPostprocessing = 0;
		};
/* End PBXResourcesBuildPhase section */

/* Begin PBXSourcesBuildPhase section */
		2E5C6C672045ED7100711890 /* Sources */ = {
			isa = PBXSourcesBuildPhase;
			buildActionMask = 2147483647;
			files = (
				2E5C6C8C2045EE2000711890 /* Toner.swift in Sources */,
				2E5C6C922045EE3200711890 /* TonerTableCell.swift in Sources */,
				2E5C6CA02045EE3200711890 /* TonerUpdateVC.swift in Sources */,
				2E5C6CA22045EE3200711890 /* VendorAddVC.swift in Sources */,
				2E5C6C942045EE3200711890 /* VendorTableCell.swift in Sources */,
				2E5C6C8E2045EE3200711890 /* Vendor.swift in Sources */,
				2E5C6C882045EDE000711890 /* VendorVC.swift in Sources */,
				2E5C6C9C2045EE3200711890 /* TonerAddVC.swift in Sources */,
				2E5C6C8A2045EE0E00711890 /* Printer.swift in Sources */,
				2E5C6C9A2045EE3200711890 /* PrinterUpdateVC.swift in Sources */,
				2E5C6CA62045EE3200711890 /* VendorUpdateVC.swift in Sources */,
				2E5C6C6F2045ED7100711890 /* AppDelegate.swift in Sources */,
				2E5C6C902045EE3200711890 /* PrinterTableCell.swift in Sources */,
				2E5C6C9E2045EE3200711890 /* TonerDetailVC.swift in Sources */,
				2E5C6C982045EE3200711890 /* PrinterDetailVC.swift in Sources */,
				2E5C6C962045EE3200711890 /* PrinterAddVC.swift in Sources */,
				2E5C6C842045EDBC00711890 /* PrinterVC.swift in Sources */,
				2E5C6C862045EDD100711890 /* TonerVC.swift in Sources */,
				2E282CF12048B38C00B02489 /* Database.swift in Sources */,
				2E5C6CA42045EE3200711890 /* VendorDetailVC.swift in Sources */,
			);
			runOnlyForDeploymentPostprocessing = 0;
		};
/* End PBXSourcesBuildPhase section */

/* Begin PBXTargetDependency section */
		2E6C8EEC2049536400E1BEC6 /* PBXTargetDependency */ = {
			isa = PBXTargetDependency;
			name = "SQLite iOS";
			targetProxy = 2E6C8EEB2049536400E1BEC6 /* PBXContainerItemProxy */;
		};
/* End PBXTargetDependency section */

/* Begin PBXVariantGroup section */
		2E5C6C722045ED7100711890 /* Main.storyboard */ = {
			isa = PBXVariantGroup;
			children = (
				2E5C6C732045ED7100711890 /* Base */,
			);
			name = Main.storyboard;
			sourceTree = "<group>";
		};
		2E5C6C772045ED7100711890 /* LaunchScreen.storyboard */ = {
			isa = PBXVariantGroup;
			children = (
				2E5C6C782045ED7100711890 /* Base */,
			);
			name = LaunchScreen.storyboard;
			sourceTree = "<group>";
		};
/* End PBXVariantGroup section */

/* Begin XCBuildConfiguration section */
		2E5C6C7B2045ED7100711890 /* Debug */ = {
			isa = XCBuildConfiguration;
			buildSettings = {
				ALWAYS_SEARCH_USER_PATHS = NO;
				CLANG_ANALYZER_NONNULL = YES;
				CLANG_ANALYZER_NUMBER_OBJECT_CONVERSION = YES_AGGRESSIVE;
				CLANG_CXX_LANGUAGE_STANDARD = "gnu++14";
				CLANG_CXX_LIBRARY = "libc++";
				CLANG_ENABLE_MODULES = YES;
				CLANG_ENABLE_OBJC_ARC = YES;
				CLANG_WARN_BLOCK_CAPTURE_AUTORELEASING = YES;
				CLANG_WARN_BOOL_CONVERSION = YES;
				CLANG_WARN_COMMA = YES;
				CLANG_WARN_CONSTANT_CONVERSION = YES;
				CLANG_WARN_DIRECT_OBJC_ISA_USAGE = YES_ERROR;
				CLANG_WARN_DOCUMENTATION_COMMENTS = YES;
				CLANG_WARN_EMPTY_BODY = YES;
				CLANG_WARN_ENUM_CONVERSION = YES;
				CLANG_WARN_INFINITE_RECURSION = YES;
				CLANG_WARN_INT_CONVERSION = YES;
				CLANG_WARN_NON_LITERAL_NULL_CONVERSION = YES;
				CLANG_WARN_OBJC_LITERAL_CONVERSION = YES;
				CLANG_WARN_OBJC_ROOT_CLASS = YES_ERROR;
				CLANG_WARN_RANGE_LOOP_ANALYSIS = YES;
				CLANG_WARN_STRICT_PROTOTYPES = YES;
				CLANG_WARN_SUSPICIOUS_MOVE = YES;
				CLANG_WARN_UNGUARDED_AVAILABILITY = YES_AGGRESSIVE;
				CLANG_WARN_UNREACHABLE_CODE = YES;
				CLANG_WARN__DUPLICATE_METHOD_MATCH = YES;
				CODE_SIGN_IDENTITY = "iPhone Developer";
				COPY_PHASE_STRIP = NO;
				DEBUG_INFORMATION_FORMAT = dwarf;
				ENABLE_STRICT_OBJC_MSGSEND = YES;
				ENABLE_TESTABILITY = YES;
				GCC_C_LANGUAGE_STANDARD = gnu11;
				GCC_DYNAMIC_NO_PIC = NO;
				GCC_NO_COMMON_BLOCKS = YES;
				GCC_OPTIMIZATION_LEVEL = 0;
				GCC_PREPROCESSOR_DEFINITIONS = (
					"DEBUG=1",
					"$(inherited)",
				);
				GCC_WARN_64_TO_32_BIT_CONVERSION = YES;
				GCC_WARN_ABOUT_RETURN_TYPE = YES_ERROR;
				GCC_WARN_UNDECLARED_SELECTOR = YES;
				GCC_WARN_UNINITIALIZED_AUTOS = YES_AGGRESSIVE;
				GCC_WARN_UNUSED_FUNCTION = YES;
				GCC_WARN_UNUSED_VARIABLE = YES;
				IPHONEOS_DEPLOYMENT_TARGET = 11.2;
				MTL_ENABLE_DEBUG_INFO = YES;
				ONLY_ACTIVE_ARCH = YES;
				SDKROOT = iphoneos;
				SWIFT_ACTIVE_COMPILATION_CONDITIONS = DEBUG;
				SWIFT_OPTIMIZATION_LEVEL = "-Onone";
			};
			name = Debug;
		};
		2E5C6C7C2045ED7100711890 /* Release */ = {
			isa = XCBuildConfiguration;
			buildSettings = {
				ALWAYS_SEARCH_USER_PATHS = NO;
				CLANG_ANALYZER_NONNULL = YES;
				CLANG_ANALYZER_NUMBER_OBJECT_CONVERSION = YES_AGGRESSIVE;
				CLANG_CXX_LANGUAGE_STANDARD = "gnu++14";
				CLANG_CXX_LIBRARY = "libc++";
				CLANG_ENABLE_MODULES = YES;
				CLANG_ENABLE_OBJC_ARC = YES;
				CLANG_WARN_BLOCK_CAPTURE_AUTORELEASING = YES;
				CLANG_WARN_BOOL_CONVERSION = YES;
				CLANG_WARN_COMMA = YES;
				CLANG_WARN_CONSTANT_CONVERSION = YES;
				CLANG_WARN_DIRECT_OBJC_ISA_USAGE = YES_ERROR;
				CLANG_WARN_DOCUMENTATION_COMMENTS = YES;
				CLANG_WARN_EMPTY_BODY = YES;
				CLANG_WARN_ENUM_CONVERSION = YES;
				CLANG_WARN_INFINITE_RECURSION = YES;
				CLANG_WARN_INT_CONVERSION = YES;
				CLANG_WARN_NON_LITERAL_NULL_CONVERSION = YES;
				CLANG_WARN_OBJC_LITERAL_CONVERSION = YES;
				CLANG_WARN_OBJC_ROOT_CLASS = YES_ERROR;
				CLANG_WARN_RANGE_LOOP_ANALYSIS = YES;
				CLANG_WARN_STRICT_PROTOTYPES = YES;
				CLANG_WARN_SUSPICIOUS_MOVE = YES;
				CLANG_WARN_UNGUARDED_AVAILABILITY = YES_AGGRESSIVE;
				CLANG_WARN_UNREACHABLE_CODE = YES;
				CLANG_WARN__DUPLICATE_METHOD_MATCH = YES;
				CODE_SIGN_IDENTITY = "iPhone Developer";
				COPY_PHASE_STRIP = NO;
				DEBUG_INFORMATION_FORMAT = "dwarf-with-dsym";
				ENABLE_NS_ASSERTIONS = NO;
				ENABLE_STRICT_OBJC_MSGSEND = YES;
				GCC_C_LANGUAGE_STANDARD = gnu11;
				GCC_NO_COMMON_BLOCKS = YES;
				GCC_WARN_64_TO_32_BIT_CONVERSION = YES;
				GCC_WARN_ABOUT_RETURN_TYPE = YES_ERROR;
				GCC_WARN_UNDECLARED_SELECTOR = YES;
				GCC_WARN_UNINITIALIZED_AUTOS = YES_AGGRESSIVE;
				GCC_WARN_UNUSED_FUNCTION = YES;
				GCC_WARN_UNUSED_VARIABLE = YES;
				IPHONEOS_DEPLOYMENT_TARGET = 11.2;
				MTL_ENABLE_DEBUG_INFO = NO;
				SDKROOT = iphoneos;
				SWIFT_OPTIMIZATION_LEVEL = "-Owholemodule";
				VALIDATE_PRODUCT = YES;
			};
			name = Release;
		};
		2E5C6C7E2045ED7100711890 /* Debug */ = {
			isa = XCBuildConfiguration;
			buildSettings = {
				ALWAYS_EMBED_SWIFT_STANDARD_LIBRARIES = YES;
				ASSETCATALOG_COMPILER_APPICON_NAME = AppIcon;
				CODE_SIGN_STYLE = Automatic;
				DEVELOPMENT_TEAM = 3VAHY424V2;
				INFOPLIST_FILE = "Prinventory-Swift/Info.plist";
				LD_RUNPATH_SEARCH_PATHS = "$(inherited) @executable_path/Frameworks";
				PRODUCT_BUNDLE_IDENTIFIER = "jovel.Prinventory-Swift";
				PRODUCT_NAME = "$(TARGET_NAME)";
				SWIFT_VERSION = 4.0;
				TARGETED_DEVICE_FAMILY = "1,2";
			};
			name = Debug;
		};
		2E5C6C7F2045ED7100711890 /* Release */ = {
			isa = XCBuildConfiguration;
			buildSettings = {
				ALWAYS_EMBED_SWIFT_STANDARD_LIBRARIES = YES;
				ASSETCATALOG_COMPILER_APPICON_NAME = AppIcon;
				CODE_SIGN_STYLE = Automatic;
				DEVELOPMENT_TEAM = 3VAHY424V2;
				INFOPLIST_FILE = "Prinventory-Swift/Info.plist";
				LD_RUNPATH_SEARCH_PATHS = "$(inherited) @executable_path/Frameworks";
				PRODUCT_BUNDLE_IDENTIFIER = "jovel.Prinventory-Swift";
				PRODUCT_NAME = "$(TARGET_NAME)";
				SWIFT_VERSION = 4.0;
				TARGETED_DEVICE_FAMILY = "1,2";
			};
			name = Release;
		};
/* End XCBuildConfiguration section */

/* Begin XCConfigurationList section */
		2E5C6C662045ED7000711890 /* Build configuration list for PBXProject "Prinventory-Swift" */ = {
			isa = XCConfigurationList;
			buildConfigurations = (
				2E5C6C7B2045ED7100711890 /* Debug */,
				2E5C6C7C2045ED7100711890 /* Release */,
			);
			defaultConfigurationIsVisible = 0;
			defaultConfigurationName = Release;
		};
		2E5C6C7D2045ED7100711890 /* Build configuration list for PBXNativeTarget "Prinventory-Swift" */ = {
			isa = XCConfigurationList;
			buildConfigurations = (
				2E5C6C7E2045ED7100711890 /* Debug */,
				2E5C6C7F2045ED7100711890 /* Release */,
			);
			defaultConfigurationIsVisible = 0;
			defaultConfigurationName = Release;
		};
/* End XCConfigurationList section */
	};
	rootObject = 2E5C6C632045ED7000711890 /* Project object */;
}
